{
	"name": "@webfx-request/node-fake",
	"version": "0.0.14",
	"lockfileVersion": 2,
	"requires": true,
	"packages": {
		"": {
			"name": "@webfx-request/node-fake",
			"version": "0.0.14",
			"license": "MIT",
			"dependencies": {
				"tslib": "^2.2.0"
			},
			"engines": {
				"node": ">=12.16"
			}
		},
		"node_modules/tslib": {
			"version": "2.2.0",
			"resolved": "https://registry.npmjs.org/tslib/-/tslib-2.2.0.tgz",
			"integrity": "sha512-gS9GVHRU+RGn5KQM2rllAlR3dU6m7AcpJKdtH8gFvQiC4Otgk98XnmMU+nZenHt/+VhnBPWwgrJsyrdcw6i23w=="
		}
	},
	"dependencies": {
		"tslib": {
			"version": "2.2.0",
			"resolved": "https://registry.npmjs.org/tslib/-/tslib-2.2.0.tgz",
			"integrity": "sha512-gS9GVHRU+RGn5KQM2rllAlR3dU6m7AcpJKdtH8gFvQiC4Otgk98XnmMU+nZenHt/+VhnBPWwgrJsyrdcw6i23w=="
		}
	}
}
