{
  "name": "@fastr/middleware-validate",
  "version": "0.0.1-alpha.0",
  "lockfileVersion": 2,
  "requires": true,
  "packages": {
    "": {
      "name": "@fastr/middleware-validate",
      "version": "0.0.1-alpha.0",
      "license": "MIT",
      "dependencies": {
        "@fastr/core": "^0.0.1-alpha.0",
        "@fastr/errors": "^0.0.1-alpha.0",
        "@fastr/middleware-body": "^0.0.1-alpha.0",
        "joi": "^17.7.0",
        "reflect-metadata": "^0.1.13",
        "tslib": "^2.4.1"
      },
      "devDependencies": {
        "@fastr/client": "^0.0.1-alpha.0",
        "@fastr/client-testlib": "^0.0.1-alpha.0"
      },
      "engines": {
        "node": ">=18.12"
      }
    },
    "node_modules/@fastr/body": {
      "version": "0.0.1-alpha.0",
      "resolved": "https://registry.npmjs.org/@fastr/body/-/body-0.0.1-alpha.0.tgz",
      "integrity": "sha512-yTnSgl5WIw8Nlqc3YRWWpo7Wjtpmp1pPDZiuCzeiq3w0XvXls4RZbLUy0+FGFz0XDN+c27DPuQ+Jdvx9QXHSVA==",
      "dependencies": {
        "@fastr/errors": "^0.0.1-alpha.0",
        "@fastr/headers": "^0.0.1-alpha.0",
        "@fastr/json": "^0.0.1-alpha.0",
        "@fastr/mediatypes": "^0.0.1-alpha.0",
        "@types/qs": "^6.9.7",
        "qs": "^6.11.0",
        "reflect-metadata": "^0.1.13",
        "tslib": "^2.4.1"
      },
      "engines": {
        "node": ">=18.12"
      }
    },
    "node_modules/@fastr/client": {
      "version": "0.0.1-alpha.0",
      "resolved": "https://registry.npmjs.org/@fastr/client/-/client-0.0.1-alpha.0.tgz",
      "integrity": "sha512-XlD05ruzjgYrUaSb8k7G3OpGBrERMWNsKbuk3AIclqJ83zxji2plukBK8v6m5G+rfANxg/GFhdWM+UrunTRo4A==",
      "dev": true,
      "dependencies": {
        "@fastr/body": "^0.0.1-alpha.0",
        "@fastr/errors": "^0.0.1-alpha.0",
        "@fastr/headers": "^0.0.1-alpha.0",
        "@fastr/json": "^0.0.1-alpha.0",
        "@fastr/status": "^0.0.1-alpha.0",
        "@fastr/url": "^0.0.1-alpha.0",
        "tslib": "^2.4.1"
      },
      "engines": {
        "node": ">=18.12"
      }
    },
    "node_modules/@fastr/client-testlib": {
      "version": "0.0.1-alpha.0",
      "resolved": "https://registry.npmjs.org/@fastr/client-testlib/-/client-testlib-0.0.1-alpha.0.tgz",
      "integrity": "sha512-DnHpXSDEmnmXcE1OQAwPYWLDL8rK9b1NShocYhcJCxHMODx2sxx9d70VWTysdUdnI2yvticxKzZB4pifHcVq5A==",
      "dev": true,
      "dependencies": {
        "@fastr/client": "^0.0.1-alpha.0",
        "@fastr/headers": "^0.0.1-alpha.0",
        "tslib": "^2.4.1"
      },
      "engines": {
        "node": ">=18.12"
      }
    },
    "node_modules/@fastr/core": {
      "version": "0.0.1-alpha.0",
      "resolved": "https://registry.npmjs.org/@fastr/core/-/core-0.0.1-alpha.0.tgz",
      "integrity": "sha512-rJcE3L8wYo0BSEszfx+rJ4DNQqz2mlZ0UOBuvtz7p6Ywb9NkfZ1cEunxsVIFcs6RnF5P7zxin1kCea+GEYmBIw==",
      "dependencies": {
        "@fastr/body": "^0.0.1-alpha.0",
        "@fastr/errors": "^0.0.1-alpha.0",
        "@fastr/headers": "^0.0.1-alpha.0",
        "@fastr/mediatypes": "^0.0.1-alpha.0",
        "@fastr/status": "^0.0.1-alpha.0",
        "@sosimple/inversify": "^6.0.1",
        "reflect-metadata": "^0.1.13",
        "tslib": "^2.4.1"
      },
      "engines": {
        "node": ">=18.12"
      }
    },
    "node_modules/@fastr/errors": {
      "version": "0.0.1-alpha.0",
      "resolved": "https://registry.npmjs.org/@fastr/errors/-/errors-0.0.1-alpha.0.tgz",
      "integrity": "sha512-BSOsQk7Y701Sn2B2uucsQOjqZ3DsHkI8uvdzDN6fYfqq4JGc3pteEWGGr2ac2BUpfv7wbWY8nVtRmK4H5x/a0w==",
      "dependencies": {
        "@fastr/headers": "^0.0.1-alpha.0",
        "@fastr/status": "^0.0.1-alpha.0",
        "tslib": "^2.4.1"
      },
      "engines": {
        "node": ">=18.12"
      }
    },
    "node_modules/@fastr/headers": {
      "version": "0.0.1-alpha.0",
      "resolved": "https://registry.npmjs.org/@fastr/headers/-/headers-0.0.1-alpha.0.tgz",
      "integrity": "sha512-ZfjPyGWU1W49FhP57pU761SFZFptI4ggBIqJUZI10STCFwcu3xCsUN4SYYCSVe4Hb43lgPf5esqL++YEBiAXOw==",
      "dependencies": {
        "tslib": "^2.4.1"
      },
      "engines": {
        "node": ">=18.12"
      }
    },
    "node_modules/@fastr/json": {
      "version": "0.0.1-alpha.0",
      "resolved": "https://registry.npmjs.org/@fastr/json/-/json-0.0.1-alpha.0.tgz",
      "integrity": "sha512-kRvEeHNj3aNhUxFh/G+5z0objUigElcDJ5R/xXmQrPSVAVj93qRC8VlY/02VysRLKK/IWQligYbyfRZBMjCrsg==",
      "dependencies": {
        "tslib": "^2.4.1"
      },
      "engines": {
        "node": ">=18.12"
      }
    },
    "node_modules/@fastr/mediatypes": {
      "version": "0.0.1-alpha.0",
      "resolved": "https://registry.npmjs.org/@fastr/mediatypes/-/mediatypes-0.0.1-alpha.0.tgz",
      "integrity": "sha512-AbYD0hDb2kfwMxsN01MV9DROZh0W5fA5eJrHREbptIda/8d0fA9ABAt13W0PvuGyGh7EkMVH0pvErCkTZW7OuA==",
      "dependencies": {
        "@fastr/headers": "^0.0.1-alpha.0",
        "mime-db": "^1.52.0",
        "tslib": "^2.4.1"
      },
      "engines": {
        "node": ">=18.12"
      }
    },
    "node_modules/@fastr/middleware-body": {
      "version": "0.0.1-alpha.0",
      "resolved": "https://registry.npmjs.org/@fastr/middleware-body/-/middleware-body-0.0.1-alpha.0.tgz",
      "integrity": "sha512-ajX6P2TV+om6qCLVOXH12Uk55ZFICG1ZmSsh1Vp5p84VHl+nQ9qyuMFuJAdJbPKMGReNvrVuaFctPXBRBs7cog==",
      "dependencies": {
        "@fastr/body": "^0.0.1-alpha.0",
        "@fastr/core": "^0.0.1-alpha.0",
        "@fastr/errors": "^0.0.1-alpha.0",
        "@fastr/headers": "^0.0.1-alpha.0",
        "@fastr/mediatypes": "^0.0.1-alpha.0",
        "qs": "^6.11.0",
        "reflect-metadata": "^0.1.13",
        "tslib": "^2.4.1"
      },
      "engines": {
        "node": ">=18.12"
      }
    },
    "node_modules/@fastr/status": {
      "version": "0.0.1-alpha.0",
      "resolved": "https://registry.npmjs.org/@fastr/status/-/status-0.0.1-alpha.0.tgz",
      "integrity": "sha512-g/V9aNIIGqRdBc6hihYBK+6Hlsy6FH+T2yreMtMtxpKEENDNPZFVZZk9g+HQNqJL39Dds8WB6HBJqbgzPJvH7w==",
      "dependencies": {
        "tslib": "^2.4.1"
      },
      "engines": {
        "node": ">=18.12"
      }
    },
    "node_modules/@fastr/url": {
      "version": "0.0.1-alpha.0",
      "resolved": "https://registry.npmjs.org/@fastr/url/-/url-0.0.1-alpha.0.tgz",
      "integrity": "sha512-B38K/v7h+7Ci4o3n+dbxpv/4gFniQHvlFRiWXkosNRYvuZTxB2Oj7B22SYlDcfd9GHKaUXo6gYg2nmNvoS3AIQ==",
      "dev": true,
      "dependencies": {
        "tslib": "^2.4.1"
      },
      "engines": {
        "node": ">=18.12"
      }
    },
    "node_modules/@hapi/hoek": {
      "version": "9.2.1",
      "resolved": "https://registry.npmjs.org/@hapi/hoek/-/hoek-9.2.1.tgz",
      "integrity": "sha512-gfta+H8aziZsm8pZa0vj04KO6biEiisppNgA1kbJvFrrWu9Vm7eaUEy76DIxsuTaWvti5fkJVhllWc6ZTE+Mdw=="
    },
    "node_modules/@hapi/topo": {
      "version": "5.1.0",
      "resolved": "https://registry.npmjs.org/@hapi/topo/-/topo-5.1.0.tgz",
      "integrity": "sha512-foQZKJig7Ob0BMAYBfcJk8d77QtOe7Wo4ox7ff1lQYoNNAb6jwcY1ncdoy2e9wQZzvNy7ODZCYJkK8kzmcAnAg==",
      "dependencies": {
        "@hapi/hoek": "^9.0.0"
      }
    },
    "node_modules/@sideway/address": {
      "version": "4.1.3",
      "resolved": "https://registry.npmjs.org/@sideway/address/-/address-4.1.3.tgz",
      "integrity": "sha512-8ncEUtmnTsMmL7z1YPB47kPUq7LpKWJNFPsRzHiIajGC5uXlWGn+AmkYPcHNl8S4tcEGx+cnORnNYaw2wvL+LQ==",
      "dependencies": {
        "@hapi/hoek": "^9.0.0"
      }
    },
    "node_modules/@sideway/formula": {
      "version": "3.0.1",
      "resolved": "https://registry.npmjs.org/@sideway/formula/-/formula-3.0.1.tgz",
      "integrity": "sha512-/poHZJJVjx3L+zVD6g9KgHfYnb443oi7wLu/XKojDviHy6HOEOA6z1Trk5aR1dGcmPenJEgb2sK2I80LeS3MIg=="
    },
    "node_modules/@sideway/pinpoint": {
      "version": "2.0.0",
      "resolved": "https://registry.npmjs.org/@sideway/pinpoint/-/pinpoint-2.0.0.tgz",
      "integrity": "sha512-RNiOoTPkptFtSVzQevY/yWtZwf/RxyVnPy/OcA9HBM3MlGDnBEYL5B41H0MTn0Uec8Hi+2qUtTfG2WWZBmMejQ=="
    },
    "node_modules/@sosimple/inversify": {
      "version": "6.0.1",
      "resolved": "https://registry.npmjs.org/@sosimple/inversify/-/inversify-6.0.1.tgz",
      "integrity": "sha512-r6vzxdMseKA8WgVk7RdNrc0fM4xhP79cY8O+UvPOoseZARfZ94rACCIVfBFwre8GUjMhiK1ua0E0Ysx6/yILnQ==",
      "dependencies": {
        "reflect-metadata": "^0.1.13",
        "tslib": "^2.4.1"
      }
    },
    "node_modules/@types/qs": {
      "version": "6.9.7",
      "resolved": "https://registry.npmjs.org/@types/qs/-/qs-6.9.7.tgz",
      "integrity": "sha512-FGa1F62FT09qcrueBA6qYTrJPVDzah9a+493+o2PCXsesWHIn27G98TsSMs3WPNbZIEj4+VJf6saSFpvD+3Zsw=="
    },
    "node_modules/call-bind": {
      "version": "1.0.2",
      "resolved": "https://registry.npmjs.org/call-bind/-/call-bind-1.0.2.tgz",
      "integrity": "sha512-7O+FbCihrB5WGbFYesctwmTKae6rOiIzmz1icreWJ+0aA7LJfuqhEso2T9ncpcFtzMQtzXf2QGGueWJGTYsqrA==",
      "dependencies": {
        "function-bind": "^1.1.1",
        "get-intrinsic": "^1.0.2"
      },
      "funding": {
        "url": "https://github.com/sponsors/ljharb"
      }
    },
    "node_modules/function-bind": {
      "version": "1.1.1",
      "resolved": "https://registry.npmjs.org/function-bind/-/function-bind-1.1.1.tgz",
      "integrity": "sha512-yIovAzMX49sF8Yl58fSCWJ5svSLuaibPxXQJFLmBObTuCr0Mf1KiPopGM9NiFjiYBCbfaa2Fh6breQ6ANVTI0A=="
    },
    "node_modules/get-intrinsic": {
      "version": "1.2.0",
      "resolved": "https://registry.npmjs.org/get-intrinsic/-/get-intrinsic-1.2.0.tgz",
      "integrity": "sha512-L049y6nFOuom5wGyRc3/gdTLO94dySVKRACj1RmJZBQXlbTMhtNIgkWkUHq+jYmZvKf14EW1EoJnnjbmoHij0Q==",
      "dependencies": {
        "function-bind": "^1.1.1",
        "has": "^1.0.3",
        "has-symbols": "^1.0.3"
      },
      "funding": {
        "url": "https://github.com/sponsors/ljharb"
      }
    },
    "node_modules/has": {
      "version": "1.0.3",
      "resolved": "https://registry.npmjs.org/has/-/has-1.0.3.tgz",
      "integrity": "sha512-f2dvO0VU6Oej7RkWJGrehjbzMAjFp5/VKPp5tTpWIV4JHHZK1/BxbFRtf/siA2SWTe09caDmVtYYzWEIbBS4zw==",
      "dependencies": {
        "function-bind": "^1.1.1"
      },
      "engines": {
        "node": ">= 0.4.0"
      }
    },
    "node_modules/has-symbols": {
      "version": "1.0.3",
      "resolved": "https://registry.npmjs.org/has-symbols/-/has-symbols-1.0.3.tgz",
      "integrity": "sha512-l3LCuF6MgDNwTDKkdYGEihYjt5pRPbEg46rtlmnSPlUbgmB8LOIrKJbYYFBSbnPaJexMKtiPO8hmeRjRz2Td+A==",
      "engines": {
        "node": ">= 0.4"
      },
      "funding": {
        "url": "https://github.com/sponsors/ljharb"
      }
    },
    "node_modules/joi": {
      "version": "17.7.0",
      "resolved": "https://registry.npmjs.org/joi/-/joi-17.7.0.tgz",
      "integrity": "sha512-1/ugc8djfn93rTE3WRKdCzGGt/EtiYKxITMO4Wiv6q5JL1gl9ePt4kBsl1S499nbosspfctIQTpYIhSmHA3WAg==",
      "dependencies": {
        "@hapi/hoek": "^9.0.0",
        "@hapi/topo": "^5.0.0",
        "@sideway/address": "^4.1.3",
        "@sideway/formula": "^3.0.0",
        "@sideway/pinpoint": "^2.0.0"
      }
    },
    "node_modules/mime-db": {
      "version": "1.52.0",
      "resolved": "https://registry.npmjs.org/mime-db/-/mime-db-1.52.0.tgz",
      "integrity": "sha512-sPU4uV7dYlvtWJxwwxHD0PuihVNiE7TyAbQ5SWxDCB9mUYvOgroQOwYQQOKPJ8CIbE+1ETVlOoK1UC2nU3gYvg==",
      "engines": {
        "node": ">= 0.6"
      }
    },
    "node_modules/object-inspect": {
      "version": "1.12.3",
      "resolved": "https://registry.npmjs.org/object-inspect/-/object-inspect-1.12.3.tgz",
      "integrity": "sha512-geUvdk7c+eizMNUDkRpW1wJwgfOiOeHbxBR/hLXK1aT6zmVSO0jsQcs7fj6MGw89jC/cjGfLcNOrtMYtGqm81g==",
      "funding": {
        "url": "https://github.com/sponsors/ljharb"
      }
    },
    "node_modules/qs": {
      "version": "6.11.0",
      "resolved": "https://registry.npmjs.org/qs/-/qs-6.11.0.tgz",
      "integrity": "sha512-MvjoMCJwEarSbUYk5O+nmoSzSutSsTwF85zcHPQ9OrlFoZOYIjaqBAJIqIXjptyD5vThxGq52Xu/MaJzRkIk4Q==",
      "dependencies": {
        "side-channel": "^1.0.4"
      },
      "engines": {
        "node": ">=0.6"
      },
      "funding": {
        "url": "https://github.com/sponsors/ljharb"
      }
    },
    "node_modules/reflect-metadata": {
      "version": "0.1.13",
      "resolved": "https://registry.npmjs.org/reflect-metadata/-/reflect-metadata-0.1.13.tgz",
      "integrity": "sha512-Ts1Y/anZELhSsjMcU605fU9RE4Oi3p5ORujwbIKXfWa+0Zxs510Qrmrce5/Jowq3cHSZSJqBjypxmHarc+vEWg=="
    },
    "node_modules/side-channel": {
      "version": "1.0.4",
      "resolved": "https://registry.npmjs.org/side-channel/-/side-channel-1.0.4.tgz",
      "integrity": "sha512-q5XPytqFEIKHkGdiMIrY10mvLRvnQh42/+GoBlFW3b2LXLE2xxJpZFdm94we0BaoV3RwJyGqg5wS7epxTv0Zvw==",
      "dependencies": {
        "call-bind": "^1.0.0",
        "get-intrinsic": "^1.0.2",
        "object-inspect": "^1.9.0"
      },
      "funding": {
        "url": "https://github.com/sponsors/ljharb"
      }
    },
    "node_modules/tslib": {
      "version": "2.4.1",
      "resolved": "https://registry.npmjs.org/tslib/-/tslib-2.4.1.tgz",
      "integrity": "sha512-tGyy4dAjRIEwI7BzsB0lynWgOpfqjUdq91XXAlIWD2OwKBH7oCl/GZG/HT4BOHrTlPMOASlMQ7veyTqpmRcrNA=="
    }
  },
  "dependencies": {
    "@fastr/body": {
      "version": "0.0.1-alpha.0",
      "resolved": "https://registry.npmjs.org/@fastr/body/-/body-0.0.1-alpha.0.tgz",
      "integrity": "sha512-yTnSgl5WIw8Nlqc3YRWWpo7Wjtpmp1pPDZiuCzeiq3w0XvXls4RZbLUy0+FGFz0XDN+c27DPuQ+Jdvx9QXHSVA==",
      "requires": {
        "@fastr/errors": "^0.0.1-alpha.0",
        "@fastr/headers": "^0.0.1-alpha.0",
        "@fastr/json": "^0.0.1-alpha.0",
        "@fastr/mediatypes": "^0.0.1-alpha.0",
        "@types/qs": "^6.9.7",
        "qs": "^6.11.0",
        "reflect-metadata": "^0.1.13",
        "tslib": "^2.4.1"
      }
    },
    "@fastr/client": {
      "version": "0.0.1-alpha.0",
      "resolved": "https://registry.npmjs.org/@fastr/client/-/client-0.0.1-alpha.0.tgz",
      "integrity": "sha512-XlD05ruzjgYrUaSb8k7G3OpGBrERMWNsKbuk3AIclqJ83zxji2plukBK8v6m5G+rfANxg/GFhdWM+UrunTRo4A==",
      "dev": true,
      "requires": {
        "@fastr/body": "^0.0.1-alpha.0",
        "@fastr/errors": "^0.0.1-alpha.0",
        "@fastr/headers": "^0.0.1-alpha.0",
        "@fastr/json": "^0.0.1-alpha.0",
        "@fastr/status": "^0.0.1-alpha.0",
        "@fastr/url": "^0.0.1-alpha.0",
        "tslib": "^2.4.1"
      }
    },
    "@fastr/client-testlib": {
      "version": "0.0.1-alpha.0",
      "resolved": "https://registry.npmjs.org/@fastr/client-testlib/-/client-testlib-0.0.1-alpha.0.tgz",
      "integrity": "sha512-DnHpXSDEmnmXcE1OQAwPYWLDL8rK9b1NShocYhcJCxHMODx2sxx9d70VWTysdUdnI2yvticxKzZB4pifHcVq5A==",
      "dev": true,
      "requires": {
        "@fastr/client": "^0.0.1-alpha.0",
        "@fastr/headers": "^0.0.1-alpha.0",
        "tslib": "^2.4.1"
      }
    },
    "@fastr/core": {
      "version": "0.0.1-alpha.0",
      "resolved": "https://registry.npmjs.org/@fastr/core/-/core-0.0.1-alpha.0.tgz",
      "integrity": "sha512-rJcE3L8wYo0BSEszfx+rJ4DNQqz2mlZ0UOBuvtz7p6Ywb9NkfZ1cEunxsVIFcs6RnF5P7zxin1kCea+GEYmBIw==",
      "requires": {
        "@fastr/body": "^0.0.1-alpha.0",
        "@fastr/errors": "^0.0.1-alpha.0",
        "@fastr/headers": "^0.0.1-alpha.0",
        "@fastr/mediatypes": "^0.0.1-alpha.0",
        "@fastr/status": "^0.0.1-alpha.0",
        "@sosimple/inversify": "^6.0.1",
        "reflect-metadata": "^0.1.13",
        "tslib": "^2.4.1"
      }
    },
    "@fastr/errors": {
      "version": "0.0.1-alpha.0",
      "resolved": "https://registry.npmjs.org/@fastr/errors/-/errors-0.0.1-alpha.0.tgz",
      "integrity": "sha512-BSOsQk7Y701Sn2B2uucsQOjqZ3DsHkI8uvdzDN6fYfqq4JGc3pteEWGGr2ac2BUpfv7wbWY8nVtRmK4H5x/a0w==",
      "requires": {
        "@fastr/headers": "^0.0.1-alpha.0",
        "@fastr/status": "^0.0.1-alpha.0",
        "tslib": "^2.4.1"
      }
    },
    "@fastr/headers": {
      "version": "0.0.1-alpha.0",
      "resolved": "https://registry.npmjs.org/@fastr/headers/-/headers-0.0.1-alpha.0.tgz",
      "integrity": "sha512-ZfjPyGWU1W49FhP57pU761SFZFptI4ggBIqJUZI10STCFwcu3xCsUN4SYYCSVe4Hb43lgPf5esqL++YEBiAXOw==",
      "requires": {
        "tslib": "^2.4.1"
      }
    },
    "@fastr/json": {
      "version": "0.0.1-alpha.0",
      "resolved": "https://registry.npmjs.org/@fastr/json/-/json-0.0.1-alpha.0.tgz",
      "integrity": "sha512-kRvEeHNj3aNhUxFh/G+5z0objUigElcDJ5R/xXmQrPSVAVj93qRC8VlY/02VysRLKK/IWQligYbyfRZBMjCrsg==",
      "requires": {
        "tslib": "^2.4.1"
      }
    },
    "@fastr/mediatypes": {
      "version": "0.0.1-alpha.0",
      "resolved": "https://registry.npmjs.org/@fastr/mediatypes/-/mediatypes-0.0.1-alpha.0.tgz",
      "integrity": "sha512-AbYD0hDb2kfwMxsN01MV9DROZh0W5fA5eJrHREbptIda/8d0fA9ABAt13W0PvuGyGh7EkMVH0pvErCkTZW7OuA==",
      "requires": {
        "@fastr/headers": "^0.0.1-alpha.0",
        "mime-db": "^1.52.0",
        "tslib": "^2.4.1"
      }
    },
    "@fastr/middleware-body": {
      "version": "0.0.1-alpha.0",
      "resolved": "https://registry.npmjs.org/@fastr/middleware-body/-/middleware-body-0.0.1-alpha.0.tgz",
      "integrity": "sha512-ajX6P2TV+om6qCLVOXH12Uk55ZFICG1ZmSsh1Vp5p84VHl+nQ9qyuMFuJAdJbPKMGReNvrVuaFctPXBRBs7cog==",
      "requires": {
        "@fastr/body": "^0.0.1-alpha.0",
        "@fastr/core": "^0.0.1-alpha.0",
        "@fastr/errors": "^0.0.1-alpha.0",
        "@fastr/headers": "^0.0.1-alpha.0",
        "@fastr/mediatypes": "^0.0.1-alpha.0",
        "qs": "^6.11.0",
        "reflect-metadata": "^0.1.13",
        "tslib": "^2.4.1"
      }
    },
    "@fastr/status": {
      "version": "0.0.1-alpha.0",
      "resolved": "https://registry.npmjs.org/@fastr/status/-/status-0.0.1-alpha.0.tgz",
      "integrity": "sha512-g/V9aNIIGqRdBc6hihYBK+6Hlsy6FH+T2yreMtMtxpKEENDNPZFVZZk9g+HQNqJL39Dds8WB6HBJqbgzPJvH7w==",
      "requires": {
        "tslib": "^2.4.1"
      }
    },
    "@fastr/url": {
      "version": "0.0.1-alpha.0",
      "resolved": "https://registry.npmjs.org/@fastr/url/-/url-0.0.1-alpha.0.tgz",
      "integrity": "sha512-B38K/v7h+7Ci4o3n+dbxpv/4gFniQHvlFRiWXkosNRYvuZTxB2Oj7B22SYlDcfd9GHKaUXo6gYg2nmNvoS3AIQ==",
      "dev": true,
      "requires": {
        "tslib": "^2.4.1"
      }
    },
    "@hapi/hoek": {
      "version": "9.2.1",
      "resolved": "https://registry.npmjs.org/@hapi/hoek/-/hoek-9.2.1.tgz",
      "integrity": "sha512-gfta+H8aziZsm8pZa0vj04KO6biEiisppNgA1kbJvFrrWu9Vm7eaUEy76DIxsuTaWvti5fkJVhllWc6ZTE+Mdw=="
    },
    "@hapi/topo": {
      "version": "5.1.0",
      "resolved": "https://registry.npmjs.org/@hapi/topo/-/topo-5.1.0.tgz",
      "integrity": "sha512-foQZKJig7Ob0BMAYBfcJk8d77QtOe7Wo4ox7ff1lQYoNNAb6jwcY1ncdoy2e9wQZzvNy7ODZCYJkK8kzmcAnAg==",
      "requires": {
        "@hapi/hoek": "^9.0.0"
      }
    },
    "@sideway/address": {
      "version": "4.1.3",
      "resolved": "https://registry.npmjs.org/@sideway/address/-/address-4.1.3.tgz",
      "integrity": "sha512-8ncEUtmnTsMmL7z1YPB47kPUq7LpKWJNFPsRzHiIajGC5uXlWGn+AmkYPcHNl8S4tcEGx+cnORnNYaw2wvL+LQ==",
      "requires": {
        "@hapi/hoek": "^9.0.0"
      }
    },
    "@sideway/formula": {
      "version": "3.0.1",
      "resolved": "https://registry.npmjs.org/@sideway/formula/-/formula-3.0.1.tgz",
      "integrity": "sha512-/poHZJJVjx3L+zVD6g9KgHfYnb443oi7wLu/XKojDviHy6HOEOA6z1Trk5aR1dGcmPenJEgb2sK2I80LeS3MIg=="
    },
    "@sideway/pinpoint": {
      "version": "2.0.0",
      "resolved": "https://registry.npmjs.org/@sideway/pinpoint/-/pinpoint-2.0.0.tgz",
      "integrity": "sha512-RNiOoTPkptFtSVzQevY/yWtZwf/RxyVnPy/OcA9HBM3MlGDnBEYL5B41H0MTn0Uec8Hi+2qUtTfG2WWZBmMejQ=="
    },
    "@sosimple/inversify": {
      "version": "6.0.1",
      "resolved": "https://registry.npmjs.org/@sosimple/inversify/-/inversify-6.0.1.tgz",
      "integrity": "sha512-r6vzxdMseKA8WgVk7RdNrc0fM4xhP79cY8O+UvPOoseZARfZ94rACCIVfBFwre8GUjMhiK1ua0E0Ysx6/yILnQ==",
      "requires": {
        "reflect-metadata": "^0.1.13",
        "tslib": "^2.4.1"
      }
    },
    "@types/qs": {
      "version": "6.9.7",
      "resolved": "https://registry.npmjs.org/@types/qs/-/qs-6.9.7.tgz",
      "integrity": "sha512-FGa1F62FT09qcrueBA6qYTrJPVDzah9a+493+o2PCXsesWHIn27G98TsSMs3WPNbZIEj4+VJf6saSFpvD+3Zsw=="
    },
    "call-bind": {
      "version": "1.0.2",
      "resolved": "https://registry.npmjs.org/call-bind/-/call-bind-1.0.2.tgz",
      "integrity": "sha512-7O+FbCihrB5WGbFYesctwmTKae6rOiIzmz1icreWJ+0aA7LJfuqhEso2T9ncpcFtzMQtzXf2QGGueWJGTYsqrA==",
      "requires": {
        "function-bind": "^1.1.1",
        "get-intrinsic": "^1.0.2"
      }
    },
    "function-bind": {
      "version": "1.1.1",
      "resolved": "https://registry.npmjs.org/function-bind/-/function-bind-1.1.1.tgz",
      "integrity": "sha512-yIovAzMX49sF8Yl58fSCWJ5svSLuaibPxXQJFLmBObTuCr0Mf1KiPopGM9NiFjiYBCbfaa2Fh6breQ6ANVTI0A=="
    },
    "get-intrinsic": {
      "version": "1.2.0",
      "resolved": "https://registry.npmjs.org/get-intrinsic/-/get-intrinsic-1.2.0.tgz",
      "integrity": "sha512-L049y6nFOuom5wGyRc3/gdTLO94dySVKRACj1RmJZBQXlbTMhtNIgkWkUHq+jYmZvKf14EW1EoJnnjbmoHij0Q==",
      "requires": {
        "function-bind": "^1.1.1",
        "has": "^1.0.3",
        "has-symbols": "^1.0.3"
      }
    },
    "has": {
      "version": "1.0.3",
      "resolved": "https://registry.npmjs.org/has/-/has-1.0.3.tgz",
      "integrity": "sha512-f2dvO0VU6Oej7RkWJGrehjbzMAjFp5/VKPp5tTpWIV4JHHZK1/BxbFRtf/siA2SWTe09caDmVtYYzWEIbBS4zw==",
      "requires": {
        "function-bind": "^1.1.1"
      }
    },
    "has-symbols": {
      "version": "1.0.3",
      "resolved": "https://registry.npmjs.org/has-symbols/-/has-symbols-1.0.3.tgz",
      "integrity": "sha512-l3LCuF6MgDNwTDKkdYGEihYjt5pRPbEg46rtlmnSPlUbgmB8LOIrKJbYYFBSbnPaJexMKtiPO8hmeRjRz2Td+A=="
    },
    "joi": {
      "version": "17.7.0",
      "resolved": "https://registry.npmjs.org/joi/-/joi-17.7.0.tgz",
      "integrity": "sha512-1/ugc8djfn93rTE3WRKdCzGGt/EtiYKxITMO4Wiv6q5JL1gl9ePt4kBsl1S499nbosspfctIQTpYIhSmHA3WAg==",
      "requires": {
        "@hapi/hoek": "^9.0.0",
        "@hapi/topo": "^5.0.0",
        "@sideway/address": "^4.1.3",
        "@sideway/formula": "^3.0.0",
        "@sideway/pinpoint": "^2.0.0"
      }
    },
    "mime-db": {
      "version": "1.52.0",
      "resolved": "https://registry.npmjs.org/mime-db/-/mime-db-1.52.0.tgz",
      "integrity": "sha512-sPU4uV7dYlvtWJxwwxHD0PuihVNiE7TyAbQ5SWxDCB9mUYvOgroQOwYQQOKPJ8CIbE+1ETVlOoK1UC2nU3gYvg=="
    },
    "object-inspect": {
      "version": "1.12.3",
      "resolved": "https://registry.npmjs.org/object-inspect/-/object-inspect-1.12.3.tgz",
      "integrity": "sha512-geUvdk7c+eizMNUDkRpW1wJwgfOiOeHbxBR/hLXK1aT6zmVSO0jsQcs7fj6MGw89jC/cjGfLcNOrtMYtGqm81g=="
    },
    "qs": {
      "version": "6.11.0",
      "resolved": "https://registry.npmjs.org/qs/-/qs-6.11.0.tgz",
      "integrity": "sha512-MvjoMCJwEarSbUYk5O+nmoSzSutSsTwF85zcHPQ9OrlFoZOYIjaqBAJIqIXjptyD5vThxGq52Xu/MaJzRkIk4Q==",
      "requires": {
        "side-channel": "^1.0.4"
      }
    },
    "reflect-metadata": {
      "version": "0.1.13",
      "resolved": "https://registry.npmjs.org/reflect-metadata/-/reflect-metadata-0.1.13.tgz",
      "integrity": "sha512-Ts1Y/anZELhSsjMcU605fU9RE4Oi3p5ORujwbIKXfWa+0Zxs510Qrmrce5/Jowq3cHSZSJqBjypxmHarc+vEWg=="
    },
    "side-channel": {
      "version": "1.0.4",
      "resolved": "https://registry.npmjs.org/side-channel/-/side-channel-1.0.4.tgz",
      "integrity": "sha512-q5XPytqFEIKHkGdiMIrY10mvLRvnQh42/+GoBlFW3b2LXLE2xxJpZFdm94we0BaoV3RwJyGqg5wS7epxTv0Zvw==",
      "requires": {
        "call-bind": "^1.0.0",
        "get-intrinsic": "^1.0.2",
        "object-inspect": "^1.9.0"
      }
    },
    "tslib": {
      "version": "2.4.1",
      "resolved": "https://registry.npmjs.org/tslib/-/tslib-2.4.1.tgz",
      "integrity": "sha512-tGyy4dAjRIEwI7BzsB0lynWgOpfqjUdq91XXAlIWD2OwKBH7oCl/GZG/HT4BOHrTlPMOASlMQ7veyTqpmRcrNA=="
    }
  }
}
