{
  "name": "@fastr/middleware-compress",
  "version": "0.0.1-alpha.1",
  "lockfileVersion": 2,
  "requires": true,
  "packages": {
    "": {
      "name": "@fastr/middleware-compress",
      "version": "0.0.1-alpha.1",
      "license": "MIT",
      "dependencies": {
        "@sosimple/inversify": "^6.0.1",
        "reflect-metadata": "^0.1.13",
        "tslib": "^2.5.0"
      },
      "engines": {
        "node": ">=18.12"
      }
    },
    "node_modules/@sosimple/inversify": {
      "version": "6.0.1",
      "resolved": "https://registry.npmjs.org/@sosimple/inversify/-/inversify-6.0.1.tgz",
      "integrity": "sha512-r6vzxdMseKA8WgVk7RdNrc0fM4xhP79cY8O+UvPOoseZARfZ94rACCIVfBFwre8GUjMhiK1ua0E0Ysx6/yILnQ==",
      "dependencies": {
        "reflect-metadata": "^0.1.13",
        "tslib": "^2.4.1"
      }
    },
    "node_modules/reflect-metadata": {
      "version": "0.1.13",
      "resolved": "https://registry.npmjs.org/reflect-metadata/-/reflect-metadata-0.1.13.tgz",
      "integrity": "sha512-Ts1Y/anZELhSsjMcU605fU9RE4Oi3p5ORujwbIKXfWa+0Zxs510Qrmrce5/Jowq3cHSZSJqBjypxmHarc+vEWg=="
    },
    "node_modules/tslib": {
      "version": "2.5.0",
      "resolved": "https://registry.npmjs.org/tslib/-/tslib-2.5.0.tgz",
      "integrity": "sha512-336iVw3rtn2BUK7ORdIAHTyxHGRIHVReokCR3XjbckJMK7ms8FysBfhLR8IXnAgy7T0PTPNBWKiH514FOW/WSg=="
    }
  },
  "dependencies": {
    "@sosimple/inversify": {
      "version": "6.0.1",
      "resolved": "https://registry.npmjs.org/@sosimple/inversify/-/inversify-6.0.1.tgz",
      "integrity": "sha512-r6vzxdMseKA8WgVk7RdNrc0fM4xhP79cY8O+UvPOoseZARfZ94rACCIVfBFwre8GUjMhiK1ua0E0Ysx6/yILnQ==",
      "requires": {
        "reflect-metadata": "^0.1.13",
        "tslib": "^2.4.1"
      }
    },
    "reflect-metadata": {
      "version": "0.1.13",
      "resolved": "https://registry.npmjs.org/reflect-metadata/-/reflect-metadata-0.1.13.tgz",
      "integrity": "sha512-Ts1Y/anZELhSsjMcU605fU9RE4Oi3p5ORujwbIKXfWa+0Zxs510Qrmrce5/Jowq3cHSZSJqBjypxmHarc+vEWg=="
    },
    "tslib": {
      "version": "2.5.0",
      "resolved": "https://registry.npmjs.org/tslib/-/tslib-2.5.0.tgz",
      "integrity": "sha512-336iVw3rtn2BUK7ORdIAHTyxHGRIHVReokCR3XjbckJMK7ms8FysBfhLR8IXnAgy7T0PTPNBWKiH514FOW/WSg=="
    }
  }
}
