{
  "name": "@fastr/middleware-static-files",
  "version": "0.0.2-alpha.0",
  "lockfileVersion": 2,
  "requires": true,
  "packages": {
    "": {
      "name": "@fastr/middleware-static-files",
      "version": "0.0.2-alpha.0",
      "license": "MIT",
      "dependencies": {
        "@sosimple/fsx": "^0.1.0",
        "reflect-metadata": "^0.1.13",
        "tslib": "^2.5.0"
      },
      "engines": {
        "node": ">=18.12"
      }
    },
    "node_modules/@sosimple/fsx": {
      "version": "0.1.0",
      "resolved": "https://registry.npmjs.org/@sosimple/fsx/-/fsx-0.1.0.tgz",
      "integrity": "sha512-bCdpHTvuNpDMHt6DXJNEkwJm+iWo+ytd5J0S6iE7vQjHDbb1G7E5kZTel63HasQr9C91pS5RPxMzEfpRlDg75Q==",
      "dependencies": {
        "tslib": "^2.4.1"
      },
      "engines": {
        "node": ">=16.0"
      }
    },
    "node_modules/reflect-metadata": {
      "version": "0.1.13",
      "resolved": "https://registry.npmjs.org/reflect-metadata/-/reflect-metadata-0.1.13.tgz",
      "integrity": "sha512-Ts1Y/anZELhSsjMcU605fU9RE4Oi3p5ORujwbIKXfWa+0Zxs510Qrmrce5/Jowq3cHSZSJqBjypxmHarc+vEWg=="
    },
    "node_modules/tslib": {
      "version": "2.5.0",
      "resolved": "https://registry.npmjs.org/tslib/-/tslib-2.5.0.tgz",
      "integrity": "sha512-336iVw3rtn2BUK7ORdIAHTyxHGRIHVReokCR3XjbckJMK7ms8FysBfhLR8IXnAgy7T0PTPNBWKiH514FOW/WSg=="
    }
  },
  "dependencies": {
    "@sosimple/fsx": {
      "version": "0.1.0",
      "resolved": "https://registry.npmjs.org/@sosimple/fsx/-/fsx-0.1.0.tgz",
      "integrity": "sha512-bCdpHTvuNpDMHt6DXJNEkwJm+iWo+ytd5J0S6iE7vQjHDbb1G7E5kZTel63HasQr9C91pS5RPxMzEfpRlDg75Q==",
      "requires": {
        "tslib": "^2.4.1"
      }
    },
    "reflect-metadata": {
      "version": "0.1.13",
      "resolved": "https://registry.npmjs.org/reflect-metadata/-/reflect-metadata-0.1.13.tgz",
      "integrity": "sha512-Ts1Y/anZELhSsjMcU605fU9RE4Oi3p5ORujwbIKXfWa+0Zxs510Qrmrce5/Jowq3cHSZSJqBjypxmHarc+vEWg=="
    },
    "tslib": {
      "version": "2.5.0",
      "resolved": "https://registry.npmjs.org/tslib/-/tslib-2.5.0.tgz",
      "integrity": "sha512-336iVw3rtn2BUK7ORdIAHTyxHGRIHVReokCR3XjbckJMK7ms8FysBfhLR8IXnAgy7T0PTPNBWKiH514FOW/WSg=="
    }
  }
}
