{
  "name": "@fastr/sandbox",
  "version": "0.0.3-alpha.1",
  "lockfileVersion": 2,
  "requires": true,
  "packages": {
    "": {
      "name": "@fastr/sandbox",
      "version": "0.0.3-alpha.1",
      "license": "MIT",
      "dependencies": {
        "@sinclair/typebox": "^0.28.10",
        "reflect-metadata": "^0.1.13",
        "ts-runtime-checks": "^0.1.3",
        "tslib": "^2.5.0",
        "zod": "^3.21.4"
      },
      "engines": {
        "node": ">=18.12"
      }
    },
    "node_modules/@sinclair/typebox": {
      "version": "0.28.10",
      "resolved": "https://registry.npmjs.org/@sinclair/typebox/-/typebox-0.28.10.tgz",
      "integrity": "sha512-ZRpJZFpr2yq1vAenq2qspUKs34CBC97LOMghUuTTEveFONVExQAYEB8Tcjy9NlPj8oVlSysK15Hzkf7Ox6x3lA=="
    },
    "node_modules/reflect-metadata": {
      "version": "0.1.13",
      "resolved": "https://registry.npmjs.org/reflect-metadata/-/reflect-metadata-0.1.13.tgz",
      "integrity": "sha512-Ts1Y/anZELhSsjMcU605fU9RE4Oi3p5ORujwbIKXfWa+0Zxs510Qrmrce5/Jowq3cHSZSJqBjypxmHarc+vEWg=="
    },
    "node_modules/ts-runtime-checks": {
      "version": "0.1.3",
      "resolved": "https://registry.npmjs.org/ts-runtime-checks/-/ts-runtime-checks-0.1.3.tgz",
      "integrity": "sha512-IM+LDo/wdi21wovcR2DnPpEVgxw9uXXwKygdYQTuImm2H2+6vmmFrFIZzxRTxaQNDiXkK0v2Gpgv+4hrhNQBUw=="
    },
    "node_modules/tslib": {
      "version": "2.5.0",
      "resolved": "https://registry.npmjs.org/tslib/-/tslib-2.5.0.tgz",
      "integrity": "sha512-336iVw3rtn2BUK7ORdIAHTyxHGRIHVReokCR3XjbckJMK7ms8FysBfhLR8IXnAgy7T0PTPNBWKiH514FOW/WSg=="
    },
    "node_modules/zod": {
      "version": "3.21.4",
      "resolved": "https://registry.npmjs.org/zod/-/zod-3.21.4.tgz",
      "integrity": "sha512-m46AKbrzKVzOzs/DZgVnG5H55N1sv1M8qZU3A8RIKbs3mrACDNeIOeilDymVb2HdmP8uwshOCF4uJ8uM9rCqJw==",
      "funding": {
        "url": "https://github.com/sponsors/colinhacks"
      }
    }
  },
  "dependencies": {
    "@sinclair/typebox": {
      "version": "0.28.10",
      "resolved": "https://registry.npmjs.org/@sinclair/typebox/-/typebox-0.28.10.tgz",
      "integrity": "sha512-ZRpJZFpr2yq1vAenq2qspUKs34CBC97LOMghUuTTEveFONVExQAYEB8Tcjy9NlPj8oVlSysK15Hzkf7Ox6x3lA=="
    },
    "reflect-metadata": {
      "version": "0.1.13",
      "resolved": "https://registry.npmjs.org/reflect-metadata/-/reflect-metadata-0.1.13.tgz",
      "integrity": "sha512-Ts1Y/anZELhSsjMcU605fU9RE4Oi3p5ORujwbIKXfWa+0Zxs510Qrmrce5/Jowq3cHSZSJqBjypxmHarc+vEWg=="
    },
    "ts-runtime-checks": {
      "version": "0.1.3",
      "resolved": "https://registry.npmjs.org/ts-runtime-checks/-/ts-runtime-checks-0.1.3.tgz",
      "integrity": "sha512-IM+LDo/wdi21wovcR2DnPpEVgxw9uXXwKygdYQTuImm2H2+6vmmFrFIZzxRTxaQNDiXkK0v2Gpgv+4hrhNQBUw=="
    },
    "tslib": {
      "version": "2.5.0",
      "resolved": "https://registry.npmjs.org/tslib/-/tslib-2.5.0.tgz",
      "integrity": "sha512-336iVw3rtn2BUK7ORdIAHTyxHGRIHVReokCR3XjbckJMK7ms8FysBfhLR8IXnAgy7T0PTPNBWKiH514FOW/WSg=="
    },
    "zod": {
      "version": "3.21.4",
      "resolved": "https://registry.npmjs.org/zod/-/zod-3.21.4.tgz",
      "integrity": "sha512-m46AKbrzKVzOzs/DZgVnG5H55N1sv1M8qZU3A8RIKbs3mrACDNeIOeilDymVb2HdmP8uwshOCF4uJ8uM9rCqJw=="
    }
  }
}
